
Microsoft Visual Studio Solution File, Format Version 12.00
# Visual Studio Version 17
VisualStudioVersion = 17.4.33110.190
MinimumVisualStudioVersion = 10.0.40219.1
Project("{FAE04EC0-301F-11D3-BF4B-00C04F79EFBC}") = "SpaceStationWebApi", "SpaceStationWebApi\SpaceStationWebApi.csproj", "{13B2700F-6873-4856-9BD7-D2A97AD16FC9}"
EndProject
Global
	GlobalSection(SolutionConfigurationPlatforms) = preSolution
		Debug|Any CPU = Debug|Any CPU
		Release|Any CPU = Release|Any CPU
	EndGlobalSection
	GlobalSection(ProjectConfigurationPlatforms) = postSolution
		{13B2700F-6873-4856-9BD7-D2A97AD16FC9}.Debug|Any CPU.ActiveCfg = Debug|Any CPU
		{13B2700F-6873-4856-9BD7-D2A97AD16FC9}.Debug|Any CPU.Build.0 = Debug|Any CPU
		{13B2700F-6873-4856-9BD7-D2A97AD16FC9}.Release|Any CPU.ActiveCfg = Release|Any CPU
		{13B2700F-6873-4856-9BD7-D2A97AD16FC9}.Release|Any CPU.Build.0 = Release|Any CPU
	EndGlobalSection
	GlobalSection(SolutionProperties) = preSolution
		HideSolutionNode = FALSE
	EndGlobalSection
	GlobalSection(ExtensibilityGlobals) = postSolution
		SolutionGuid = {1B56BE9D-21A8-4F2E-96DC-254B8B7952B6}
	EndGlobalSection
EndGlobal
